# This file was autogenerated by Stack.
# You should not edit this file by hand.
# For more information, please see the documentation at:
#   https://docs.haskellstack.org/en/stable/lock_files

packages:
- completed:
    name: sbv
    version: 8.16.5
    git: https://github.com/LeventErkok/sbv
    pantry-tree:
      size: 64507
      sha256: 15edc6fec9220c083b460bcb03e864f449ffb58d00165b255b615e246ce6afcc
    commit: bbab5b9aa5ef63d393120cca2e93df3b703626a1
  original:
    git: https://github.com/LeventErkok/sbv
    commit: bbab5b9aa5ef63d393120cca2e93df3b703626a1
snapshots:
- completed:
    size: 585393
    url: https://raw.githubusercontent.com/commercialhaskell/stackage-snapshots/master/lts/18/0.yaml
    sha256: c632012da648385b9fa3c29f4e0afd56ead299f1c5528ee789058be410e883c0
  original: lts-18.0
